PODS:
  - DZNEmptyDataSet (1.7.1)
  - KSReachability (1.4.1)
  - Lockbox (2.1.0)
  - SDWebImage (3.7.3):
    - SDWebImage/Core (= 3.7.3)
  - SDWebImage/Core (3.7.3)
  - SVProgressHUD (1.1.3)

DEPENDENCIES:
  - DZNEmptyDataSet (~> 1.7)
  - KSReachability (~> 1.4)
  - Lockbox (~> 2.1)
  - SDWebImage (~> 3.7)
  - SVProgressHUD (~> 1.1)

SPEC CHECKSUMS:
  DZNEmptyDataSet: 2a398066c2bf5848f7f693fb50954b5064debd12
  KSReachability: ddf4af6e6488c45c5c41c59e72d72d078062ee28
  Lockbox: 16442da35d9d4286966936763be728a931d589c3
  SDWebImage: 1d2b1a1efda1ade1b00b6f8498865f8ddedc8a84
  SVProgressHUD: 748080e4f36e603f6c02aec292664239df5279c1

COCOAPODS: 0.39.0
